// !$*UTF8*$!
{
	archiveVersion = 1;
	classes = {
	};
	objectVersion = 77;
	objects = {

/* Begin PBXBuildFile section */
		C0D3A01030A0000100000001 /* PieChart in Frameworks */ = {isa = PBXBuildFile; productRef = C0D3A01230A0000100000001 /* PieChart */; };
		C0D3A02030A0000200000001 /* SplashAnimation in Frameworks */ = {isa = PBXBuildFile; productRef = C0D3A02230A0000200000001 /* SplashAnimation */; };
/* End PBXBuildFile section */

/* Begin PBXContainerItemProxy section */
		9F76166D300A6D1D004233AF /* PBXContainerItemProxy */ = {
			isa = PBXContainerItemProxy;
			containerPortal = 9FA785A430029C5100723C94 /* Project object */;
			proxyType = 1;
			remoteGlobalIDString = 9FA785AB30029C5100723C94;
			remoteInfo = "SHMR Finance";
		};
/* End PBXContainerItemProxy section */

/* Begin PBXFileReference section */
		9F761669300A6D1C004233AF /* SHMR FinanceTests.xctest */ = {isa = PBXFileReference; explicitFileType = wrapper.cfbundle; includeInIndex = 0; path = "SHMR FinanceTests.xctest"; sourceTree = BUILT_PRODUCTS_DIR; };
		9FA785AC30029C5100723C94 /* SHMR Finance.app */ = {isa = PBXFileReference; explicitFileType = wrapper.application; includeInIndex = 0; path = "SHMR Finance.app"; sourceTree = BUILT_PRODUCTS_DIR; };
		C0D3A00130A0000100000001 /* API.xcconfig */ = {isa = PBXFileReference; lastKnownFileType = text.xcconfig; path = API.xcconfig; sourceTree = "<group>"; };
		C0D3A00330A0000100000001 /* Info.plist */ = {isa = PBXFileReference; lastKnownFileType = text.plist.xml; path = Info.plist; sourceTree = "<group>"; };
/* End PBXFileReference section */

/* Begin PBXFileSystemSynchronizedRootGroup section */
		9F76166A300A6D1D004233AF /* SHMR FinanceTests */ = {
			isa = PBXFileSystemSynchronizedRootGroup;
			path = "SHMR FinanceTests";
			sourceTree = "<group>";
		};
		9FA785AE30029C5100723C94 /* SHMR Finance */ = {
			isa = PBXFileSystemSynchronizedRootGroup;
			path = "SHMR Finance";
			sourceTree = "<group>";
		};
/* End PBXFileSystemSynchronizedRootGroup section */

/* Begin PBXFrameworksBuildPhase section */
		9F761666300A6D1C004233AF /* Frameworks */ = {
			isa = PBXFrameworksBuildPhase;
			buildActionMask = 2147483647;
			files = (
			);
			runOnlyForDeploymentPostprocessing = 0;
		};
		9FA785A930029C5100723C94 /* Frameworks */ = {
			isa = PBXFrameworksBuildPhase;
			buildActionMask = 2147483647;
			files = (
				C0D3A02030A0000200000001 /* SplashAnimation in Frameworks */,
				C0D3A01030A0000100000001 /* PieChart in Frameworks */,
			);
			runOnlyForDeploymentPostprocessing = 0;
		};
/* End PBXFrameworksBuildPhase section */

/* Begin PBXGroup section */
		9FA785A330029C5100723C94 = {
			isa = PBXGroup;
			children = (
				9FA785AE30029C5100723C94 /* SHMR Finance */,
				9F76166A300A6D1D004233AF /* SHMR FinanceTests */,
				C0D3A00230A0000100000001 /* Configuration */,
				9FA785AD30029C5100723C94 /* Products */,
			);
			sourceTree = "<group>";
		};
		9FA785AD30029C5100723C94 /* Products */ = {
			isa = PBXGroup;
			children = (
				9FA785AC30029C5100723C94 /* SHMR Finance.app */,
				9F761669300A6D1C004233AF /* SHMR FinanceTests.xctest */,
			);
			name = Products;
			sourceTree = "<group>";
		};
		C0D3A00230A0000100000001 /* Configuration */ = {
			isa = PBXGroup;
			children = (
				C0D3A00130A0000100000001 /* API.xcconfig */,
				C0D3A00330A0000100000001 /* Info.plist */,
			);
			path = Configuration;
			sourceTree = "<group>";
		};
/* End PBXGroup section */

/* Begin PBXNativeTarget section */
		9F761668300A6D1C004233AF /* SHMR FinanceTests */ = {
			isa = PBXNativeTarget;
			buildConfigurationList = 9F76166F300A6D1D004233AF /* Build configuration list for PBXNativeTarget "SHMR FinanceTests" */;
			buildPhases = (
				9F761665300A6D1C004233AF /* Sources */,
				9F761666300A6D1C004233AF /* Frameworks */,
				9F761667300A6D1C004233AF /* Resources */,
			);
			buildRules = (
			);
			dependencies = (
				9F76166E300A6D1D004233AF /* PBXTargetDependency */,
			);
			fileSystemSynchronizedGroups = (
				9F76166A300A6D1D004233AF /* SHMR FinanceTests */,
			);
			name = "SHMR FinanceTests";
			packageProductDependencies = (
			);
			productName = "SHMR FinanceTests";
			productReference = 9F761669300A6D1C004233AF /* SHMR FinanceTests.xctest */;
			productType = "com.apple.product-type.bundle.unit-test";
		};
		9FA785AB30029C5100723C94 /* SHMR Finance */ = {
			isa = PBXNativeTarget;
			buildConfigurationList = 9FA785B730029C5300723C94 /* Build configuration list for PBXNativeTarget "SHMR Finance" */;
			buildPhases = (
				9FA785A830029C5100723C94 /* Sources */,
				9FA785A930029C5100723C94 /* Frameworks */,
				9FA785AA30029C5100723C94 /* Resources */,
			);
			buildRules = (
			);
			dependencies = (
			);
			fileSystemSynchronizedGroups = (
				9FA785AE30029C5100723C94 /* SHMR Finance */,
			);
			name = "SHMR Finance";
			packageProductDependencies = (
				C0D3A02230A0000200000001 /* SplashAnimation */,
				C0D3A01230A0000100000001 /* PieChart */,
			);
			productName = "SHMR Finance";
			productReference = 9FA785AC30029C5100723C94 /* SHMR Finance.app */;
			productType = "com.apple.product-type.application";
		};
/* End PBXNativeTarget section */

/* Begin PBXProject section */
		9FA785A430029C5100723C94 /* Project object */ = {
			isa = PBXProject;
			attributes = {
				BuildIndependentTargetsInParallel = 1;
				LastSwiftUpdateCheck = 2660;
				LastUpgradeCheck = 2660;
				TargetAttributes = {
					9F761668300A6D1C004233AF = {
						CreatedOnToolsVersion = 26.6;
						TestTargetID = 9FA785AB30029C5100723C94;
					};
					9FA785AB30029C5100723C94 = {
						CreatedOnToolsVersion = 26.6;
					};
				};
			};
			buildConfigurationList = 9FA785A730029C5100723C94 /* Build configuration list for PBXProject "SHMR Finance" */;
			developmentRegion = ru;
			hasScannedForEncodings = 0;
			knownRegions = (
				en,
				ru,
				Base,
			);
			mainGroup = 9FA785A330029C5100723C94;
			minimizedProjectReferenceProxies = 1;
			packageReferences = (
				C0D3A02130A0000200000001 /* XCLocalSwiftPackageReference "SplashAnimation" */,
				C0D3A01130A0000100000001 /* XCLocalSwiftPackageReference "Utilities" */,
			);
			preferredProjectObjectVersion = 77;
			productRefGroup = 9FA785AD30029C5100723C94 /* Products */;
			projectDirPath = "";
			projectRoot = "";
			targets = (
				9FA785AB30029C5100723C94 /* SHMR Finance */,
				9F761668300A6D1C004233AF /* SHMR FinanceTests */,
			);
		};
/* End PBXProject section */

/* Begin PBXResourcesBuildPhase section */
		9F761667300A6D1C004233AF /* Resources */ = {
			isa = PBXResourcesBuildPhase;
			buildActionMask = 2147483647;
			files = (
			);
			runOnlyForDeploymentPostprocessing = 0;
		};
		9FA785AA30029C5100723C94 /* Resources */ = {
			isa = PBXResourcesBuildPhase;
			buildActionMask = 2147483647;
			files = (
			);
			runOnlyForDeploymentPostprocessing = 0;
		};
/* End PBXResourcesBuildPhase section */

/* Begin PBXSourcesBuildPhase section */
		9F761665300A6D1C004233AF /* Sources */ = {
			isa = PBXSourcesBuildPhase;
			buildActionMask = 2147483647;
			files = (
			);
			runOnlyForDeploymentPostprocessing = 0;
		};
		9FA785A830029C5100723C94 /* Sources */ = {
			isa = PBXSourcesBuildPhase;
			buildActionMask = 2147483647;
			files = (
			);
			runOnlyForDeploymentPostprocessing = 0;
		};
/* End PBXSourcesBuildPhase section */

/* Begin PBXTargetDependency section */
		9F76166E300A6D1D004233AF /* PBXTargetDependency */ = {
			isa = PBXTargetDependency;
			target = 9FA785AB30029C5100723C94 /* SHMR Finance */;
			targetProxy = 9F76166D300A6D1D004233AF /* PBXContainerItemProxy */;
		};
/* End PBXTargetDependency section */

/* Begin XCBuildConfiguration section */
		9F761670300A6D1D004233AF /* Debug */ = {
			isa = XCBuildConfiguration;
			buildSettings = {
				BUNDLE_LOADER = "$(TEST_HOST)";
				CODE_SIGN_STYLE = Automatic;
				CURRENT_PROJECT_VERSION = 1;
				DEVELOPMENT_TEAM = 2HX4FTCT29;
				GENERATE_INFOPLIST_FILE = YES;
				MARKETING_VERSION = 1.0;
				PRODUCT_BUNDLE_IDENTIFIER = "Ankor.SHMR-FinanceTests";
				PRODUCT_NAME = "$(TARGET_NAME)";
				STRING_CATALOG_GENERATE_SYMBOLS = NO;
				SWIFT_APPROACHABLE_CONCURRENCY = YES;
				SWIFT_EMIT_LOC_STRINGS = NO;
				SWIFT_UPCOMING_FEATURE_MEMBER_IMPORT_VISIBILITY = YES;
				SWIFT_VERSION = 6.0;
				TARGETED_DEVICE_FAMILY = "1,2";
				TEST_HOST = "$(BUILT_PRODUCTS_DIR)/SHMR Finance.app/$(BUNDLE_EXECUTABLE_FOLDER_PATH)/SHMR Finance";
			};
			name = Debug;
		};
		9F761671300A6D1D004233AF /* Release */ = {
			isa = XCBuildConfiguration;
			buildSettings = {
				BUNDLE_LOADER = "$(TEST_HOST)";
				CODE_SIGN_STYLE = Automatic;
				CURRENT_PROJECT_VERSION = 1;
				DEVELOPMENT_TEAM = 2HX4FTCT29;
				GENERATE_INFOPLIST_FILE = YES;
				MARKETING_VERSION = 1.0;
				PRODUCT_BUNDLE_IDENTIFIER = "Ankor.SHMR-FinanceTests";
				PRODUCT_NAME = "$(TARGET_NAME)";
				STRING_CATALOG_GENERATE_SYMBOLS = NO;
				SWIFT_APPROACHABLE_CONCURRENCY = YES;
				SWIFT_EMIT_LOC_STRINGS = NO;
				SWIFT_UPCOMING_FEATURE_MEMBER_IMPORT_VISIBILITY = YES;
				SWIFT_VERSION = 6.0;
				TARGETED_DEVICE_FAMILY = "1,2";
				TEST_HOST = "$(BUILT_PRODUCTS_DIR)/SHMR Finance.app/$(BUNDLE_EXECUTABLE_FOLDER_PATH)/SHMR Finance";
			};
			name = Release;
		};
		9FA785B530029C5300723C94 /* Debug */ = {
			isa = XCBuildConfiguration;
			buildSettings = {
				ALWAYS_SEARCH_USER_PATHS = NO;
				ASSETCATALOG_COMPILER_GENERATE_SWIFT_ASSET_SYMBOL_EXTENSIONS = YES;
				CLANG_ANALYZER_NONNULL = YES;
				CLANG_ANALYZER_NUMBER_OBJECT_CONVERSION = YES_AGGRESSIVE;
				CLANG_CXX_LANGUAGE_STANDARD = "gnu++20";
				CLANG_ENABLE_MODULES = YES;
				CLANG_ENABLE_OBJC_ARC = YES;
				CLANG_ENABLE_OBJC_WEAK = YES;
				CLANG_WARN_BLOCK_CAPTURE_AUTORELEASING = YES;
				CLANG_WARN_BOOL_CONVERSION = YES;
				CLANG_WARN_COMMA = YES;
				CLANG_WARN_CONSTANT_CONVERSION = YES;
				CLANG_WARN_DEPRECATED_OBJC_IMPLEMENTATIONS = YES;
				CLANG_WARN_DIRECT_OBJC_ISA_USAGE = YES_ERROR;
				CLANG_WARN_DOCUMENTATION_COMMENTS = YES;
				CLANG_WARN_EMPTY_BODY = YES;
				CLANG_WARN_ENUM_CONVERSION = YES;
				CLANG_WARN_INFINITE_RECURSION = YES;
				CLANG_WARN_INT_CONVERSION = YES;
				CLANG_WARN_NON_LITERAL_NULL_CONVERSION = YES;
				CLANG_WARN_OBJC_IMPLICIT_RETAIN_SELF = YES;
				CLANG_WARN_OBJC_LITERAL_CONVERSION = YES;
				CLANG_WARN_OBJC_ROOT_CLASS = YES_ERROR;
				CLANG_WARN_QUOTED_INCLUDE_IN_FRAMEWORK_HEADER = YES;
				CLANG_WARN_RANGE_LOOP_ANALYSIS = YES;
				CLANG_WARN_STRICT_PROTOTYPES = YES;
				CLANG_WARN_SUSPICIOUS_MOVE = YES;
				CLANG_WARN_UNGUARDED_AVAILABILITY = YES_AGGRESSIVE;
				CLANG_WARN_UNREACHABLE_CODE = YES;
				CLANG_WARN__DUPLICATE_METHOD_MATCH = YES;
				COPY_PHASE_STRIP = NO;
				DEBUG_INFORMATION_FORMAT = dwarf;
				DEVELOPMENT_TEAM = 2HX4FTCT29;
				ENABLE_STRICT_OBJC_MSGSEND = YES;
				ENABLE_TESTABILITY = YES;
				ENABLE_USER_SCRIPT_SANDBOXING = YES;
				GCC_C_LANGUAGE_STANDARD = gnu17;
				GCC_DYNAMIC_NO_PIC = NO;
				GCC_NO_COMMON_BLOCKS = YES;
				GCC_OPTIMIZATION_LEVEL = 0;
				GCC_PREPROCESSOR_DEFINITIONS = (
					"DEBUG=1",
					"$(inherited)",
				);
				GCC_WARN_64_TO_32_BIT_CONVERSION = YES;
				GCC_WARN_ABOUT_RETURN_TYPE = YES_ERROR;
				GCC_WARN_UNDECLARED_SELECTOR = YES;
				GCC_WARN_UNINITIALIZED_AUTOS = YES_AGGRESSIVE;
				GCC_WARN_UNUSED_FUNCTION = YES;
				GCC_WARN_UNUSED_VARIABLE = YES;
				IPHONEOS_DEPLOYMENT_TARGET = 18.0;
				LOCALIZATION_PREFERS_STRING_CATALOGS = YES;
				MTL_ENABLE_DEBUG_INFO = INCLUDE_SOURCE;
				MTL_FAST_MATH = YES;
				ONLY_ACTIVE_ARCH = YES;
				SDKROOT = iphoneos;
				SWIFT_ACTIVE_COMPILATION_CONDITIONS = "DEBUG $(inherited)";
				SWIFT_OPTIMIZATION_LEVEL = "-Onone";
			};
			name = Debug;
		};
		9FA785B630029C5300723C94 /* Release */ = {
			isa = XCBuildConfiguration;
			buildSettings = {
				ALWAYS_SEARCH_USER_PATHS = NO;
				ASSETCATALOG_COMPILER_GENERATE_SWIFT_ASSET_SYMBOL_EXTENSIONS = YES;
				CLANG_ANALYZER_NONNULL = YES;
				CLANG_ANALYZER_NUMBER_OBJECT_CONVERSION = YES_AGGRESSIVE;
				CLANG_CXX_LANGUAGE_STANDARD = "gnu++20";
				CLANG_ENABLE_MODULES = YES;
				CLANG_ENABLE_OBJC_ARC = YES;
				CLANG_ENABLE_OBJC_WEAK = YES;
				CLANG_WARN_BLOCK_CAPTURE_AUTORELEASING = YES;
				CLANG_WARN_BOOL_CONVERSION = YES;
				CLANG_WARN_COMMA = YES;
				CLANG_WARN_CONSTANT_CONVERSION = YES;
				CLANG_WARN_DEPRECATED_OBJC_IMPLEMENTATIONS = YES;
				CLANG_WARN_DIRECT_OBJC_ISA_USAGE = YES_ERROR;
				CLANG_WARN_DOCUMENTATION_COMMENTS = YES;
				CLANG_WARN_EMPTY_BODY = YES;
				CLANG_WARN_ENUM_CONVERSION = YES;
				CLANG_WARN_INFINITE_RECURSION = YES;
				CLANG_WARN_INT_CONVERSION = YES;
				CLANG_WARN_NON_LITERAL_NULL_CONVERSION = YES;
				CLANG_WARN_OBJC_IMPLICIT_RETAIN_SELF = YES;
				CLANG_WARN_OBJC_LITERAL_CONVERSION = YES;
				CLANG_WARN_OBJC_ROOT_CLASS = YES_ERROR;
				CLANG_WARN_QUOTED_INCLUDE_IN_FRAMEWORK_HEADER = YES;
				CLANG_WARN_RANGE_LOOP_ANALYSIS = YES;
				CLANG_WARN_STRICT_PROTOTYPES = YES;
				CLANG_WARN_SUSPICIOUS_MOVE = YES;
				CLANG_WARN_UNGUARDED_AVAILABILITY = YES_AGGRESSIVE;
				CLANG_WARN_UNREACHABLE_CODE = YES;
				CLANG_WARN__DUPLICATE_METHOD_MATCH = YES;
				COPY_PHASE_STRIP = NO;
				DEBUG_INFORMATION_FORMAT = "dwarf-with-dsym";
				DEVELOPMENT_TEAM = 2HX4FTCT29;
				ENABLE_NS_ASSERTIONS = NO;
				ENABLE_STRICT_OBJC_MSGSEND = YES;
				ENABLE_USER_SCRIPT_SANDBOXING = YES;
				GCC_C_LANGUAGE_STANDARD = gnu17;
				GCC_NO_COMMON_BLOCKS = YES;
				GCC_WARN_64_TO_32_BIT_CONVERSION = YES;
				GCC_WARN_ABOUT_RETURN_TYPE = YES_ERROR;
				GCC_WARN_UNDECLARED_SELECTOR = YES;
				GCC_WARN_UNINITIALIZED_AUTOS = YES_AGGRESSIVE;
				GCC_WARN_UNUSED_FUNCTION = YES;
				GCC_WARN_UNUSED_VARIABLE = YES;
				IPHONEOS_DEPLOYMENT_TARGET = 18.0;
				LOCALIZATION_PREFERS_STRING_CATALOGS = YES;
				MTL_ENABLE_DEBUG_INFO = NO;
				MTL_FAST_MATH = YES;
				SDKROOT = iphoneos;
				SWIFT_COMPILATION_MODE = wholemodule;
				VALIDATE_PRODUCT = YES;
			};
			name = Release;
		};
		9FA785B830029C5300723C94 /* Debug */ = {
			isa = XCBuildConfiguration;
			baseConfigurationReference = C0D3A00130A0000100000001 /* API.xcconfig */;
			buildSettings = {
				ASSETCATALOG_COMPILER_APPICON_NAME = AppIcon;
				ASSETCATALOG_COMPILER_GLOBAL_ACCENT_COLOR_NAME = AccentColor;
				CODE_SIGN_STYLE = Automatic;
				CURRENT_PROJECT_VERSION = 1;
				DEVELOPMENT_TEAM = 2HX4FTCT29;
				ENABLE_PREVIEWS = YES;
				GENERATE_INFOPLIST_FILE = NO;
				INFOPLIST_FILE = Configuration/Info.plist;
				IPHONEOS_DEPLOYMENT_TARGET = 18.0;
				LD_RUNPATH_SEARCH_PATHS = (
					"$(inherited)",
					"@executable_path/Frameworks",
				);
				MARKETING_VERSION = 1.0;
				PRODUCT_BUNDLE_IDENTIFIER = "Kovryzhenko.SHMR-Finance";
				PRODUCT_NAME = "$(TARGET_NAME)";
				STRING_CATALOG_GENERATE_SYMBOLS = NO;
				SUPPORTED_PLATFORMS = "iphoneos iphonesimulator";
				SUPPORTS_MACCATALYST = NO;
				SUPPORTS_MAC_DESIGNED_FOR_IPHONE_IPAD = NO;
				SUPPORTS_XR_DESIGNED_FOR_IPHONE_IPAD = NO;
				SWIFT_APPROACHABLE_CONCURRENCY = YES;
				SWIFT_DEFAULT_ACTOR_ISOLATION = MainActor;
				SWIFT_EMIT_LOC_STRINGS = YES;
				SWIFT_UPCOMING_FEATURE_MEMBER_IMPORT_VISIBILITY = YES;
				SWIFT_VERSION = 6.0;
				TARGETED_DEVICE_FAMILY = "1,2";
			};
			name = Debug;
		};
		9FA785B930029C5300723C94 /* Release */ = {
			isa = XCBuildConfiguration;
			baseConfigurationReference = C0D3A00130A0000100000001 /* API.xcconfig */;
			buildSettings = {
				ASSETCATALOG_COMPILER_APPICON_NAME = AppIcon;
				ASSETCATALOG_COMPILER_GLOBAL_ACCENT_COLOR_NAME = AccentColor;
				CODE_SIGN_STYLE = Automatic;
				CURRENT_PROJECT_VERSION = 1;
				DEVELOPMENT_TEAM = 2HX4FTCT29;
				ENABLE_PREVIEWS = YES;
				GENERATE_INFOPLIST_FILE = NO;
				INFOPLIST_FILE = Configuration/Info.plist;
				IPHONEOS_DEPLOYMENT_TARGET = 18.0;
				LD_RUNPATH_SEARCH_PATHS = (
					"$(inherited)",
					"@executable_path/Frameworks",
				);
				MARKETING_VERSION = 1.0;
				PRODUCT_BUNDLE_IDENTIFIER = "Kovryzhenko.SHMR-Finance";
				PRODUCT_NAME = "$(TARGET_NAME)";
				STRING_CATALOG_GENERATE_SYMBOLS = NO;
				SUPPORTED_PLATFORMS = "iphoneos iphonesimulator";
				SUPPORTS_MACCATALYST = NO;
				SUPPORTS_MAC_DESIGNED_FOR_IPHONE_IPAD = NO;
				SUPPORTS_XR_DESIGNED_FOR_IPHONE_IPAD = NO;
				SWIFT_APPROACHABLE_CONCURRENCY = YES;
				SWIFT_DEFAULT_ACTOR_ISOLATION = MainActor;
				SWIFT_EMIT_LOC_STRINGS = YES;
				SWIFT_UPCOMING_FEATURE_MEMBER_IMPORT_VISIBILITY = YES;
				SWIFT_VERSION = 6.0;
				TARGETED_DEVICE_FAMILY = "1,2";
			};
			name = Release;
		};
/* End XCBuildConfiguration section */

/* Begin XCConfigurationList section */
		9F76166F300A6D1D004233AF /* Build configuration list for PBXNativeTarget "SHMR FinanceTests" */ = {
			isa = XCConfigurationList;
			buildConfigurations = (
				9F761670300A6D1D004233AF /* Debug */,
				9F761671300A6D1D004233AF /* Release */,
			);
			defaultConfigurationIsVisible = 0;
			defaultConfigurationName = Release;
		};
		9FA785A730029C5100723C94 /* Build configuration list for PBXProject "SHMR Finance" */ = {
			isa = XCConfigurationList;
			buildConfigurations = (
				9FA785B530029C5300723C94 /* Debug */,
				9FA785B630029C5300723C94 /* Release */,
			);
			defaultConfigurationIsVisible = 0;
			defaultConfigurationName = Release;
		};
		9FA785B730029C5300723C94 /* Build configuration list for PBXNativeTarget "SHMR Finance" */ = {
			isa = XCConfigurationList;
			buildConfigurations = (
				9FA785B830029C5300723C94 /* Debug */,
				9FA785B930029C5300723C94 /* Release */,
			);
			defaultConfigurationIsVisible = 0;
			defaultConfigurationName = Release;
		};
/* End XCConfigurationList section */

/* Begin XCLocalSwiftPackageReference section */
		C0D3A01130A0000100000001 /* XCLocalSwiftPackageReference "Utilities" */ = {
			isa = XCLocalSwiftPackageReference;
			relativePath = Utilities;
		};
		C0D3A02130A0000200000001 /* XCLocalSwiftPackageReference "SplashAnimation" */ = {
			isa = XCLocalSwiftPackageReference;
			relativePath = SplashAnimation;
		};
/* End XCLocalSwiftPackageReference section */

/* Begin XCSwiftPackageProductDependency section */
		C0D3A01230A0000100000001 /* PieChart */ = {
			isa = XCSwiftPackageProductDependency;
			package = C0D3A01130A0000100000001 /* XCLocalSwiftPackageReference "Utilities" */;
			productName = PieChart;
		};
		C0D3A02230A0000200000001 /* SplashAnimation */ = {
			isa = XCSwiftPackageProductDependency;
			package = C0D3A02130A0000200000001 /* XCLocalSwiftPackageReference "SplashAnimation" */;
			productName = SplashAnimation;
		};
/* End XCSwiftPackageProductDependency section */
	};
	rootObject = 9FA785A430029C5100723C94 /* Project object */;
}
